
Microsoft Visual Studio Solution File, Format Version 12.00
# Visual Studio 14
VisualStudioVersion = 14.0.25123.0
MinimumVisualStudioVersion = 10.0.40219.1
Project("{D954291E-2A0B-460D-934E-DC6B0785DB48}") = "Calen.Prp.Core", "Calen.Prp.Core\Calen.Prp.Core.shproj", "{026E9195-05A9-4306-AFDC-10994711F1A5}"
EndProject
Global
	GlobalSection(SharedMSBuildProjectFiles) = preSolution
		Calen.Prp.Core\Calen.Prp.Core.projitems*{026e9195-05a9-4306-afdc-10994711f1a5}*SharedItemsImports = 13
	EndGlobalSection
	GlobalSection(SolutionProperties) = preSolution
		HideSolutionNode = FALSE
	EndGlobalSection
EndGlobal
